
Microsoft Visual Studio Solution File, Format Version 12.00
# Visual Studio 15
VisualStudioVersion = 15.0.28307.1000
MinimumVisualStudioVersion = 10.0.40219.1
Project("{FAE04EC0-301F-11D3-BF4B-00C04F79EFBC}") = "FaceID.Demo", "FaceID.Demo\FaceID.Demo.csproj", "{8C82EB60-FCFA-433A-BAE7-871053534386}"
EndProject
Project("{FAE04EC0-301F-11D3-BF4B-00C04F79EFBC}") = "FaceID.Demo.Web", "FaceID.Demo.Web\FaceID.Demo.Web.csproj", "{25AFE53F-FC2F-4982-9373-656179FC7244}"
EndProject
Project("{FAE04EC0-301F-11D3-BF4B-00C04F79EFBC}") = "FaceID.Demo.Windows.Azure", "FaceID.Demo.Windows.Azure\FaceID.Demo.Windows.Azure.csproj", "{B4B7B63C-E8CD-472F-A0E7-D32C86C4E29D}"
EndProject
Global
	GlobalSection(SolutionConfigurationPlatforms) = preSolution
		Debug|Any CPU = Debug|Any CPU
		Release|Any CPU = Release|Any CPU
	EndGlobalSection
	GlobalSection(ProjectConfigurationPlatforms) = postSolution
		{8C82EB60-FCFA-433A-BAE7-871053534386}.Debug|Any CPU.ActiveCfg = Debug|Any CPU
		{8C82EB60-FCFA-433A-BAE7-871053534386}.Debug|Any CPU.Build.0 = Debug|Any CPU
		{8C82EB60-FCFA-433A-BAE7-871053534386}.Release|Any CPU.ActiveCfg = Release|Any CPU
		{8C82EB60-FCFA-433A-BAE7-871053534386}.Release|Any CPU.Build.0 = Release|Any CPU
		{25AFE53F-FC2F-4982-9373-656179FC7244}.Debug|Any CPU.ActiveCfg = Debug|Any CPU
		{25AFE53F-FC2F-4982-9373-656179FC7244}.Debug|Any CPU.Build.0 = Debug|Any CPU
		{25AFE53F-FC2F-4982-9373-656179FC7244}.Release|Any CPU.ActiveCfg = Release|Any CPU
		{25AFE53F-FC2F-4982-9373-656179FC7244}.Release|Any CPU.Build.0 = Release|Any CPU
		{B4B7B63C-E8CD-472F-A0E7-D32C86C4E29D}.Debug|Any CPU.ActiveCfg = Debug|Any CPU
		{B4B7B63C-E8CD-472F-A0E7-D32C86C4E29D}.Debug|Any CPU.Build.0 = Debug|Any CPU
		{B4B7B63C-E8CD-472F-A0E7-D32C86C4E29D}.Release|Any CPU.ActiveCfg = Release|Any CPU
		{B4B7B63C-E8CD-472F-A0E7-D32C86C4E29D}.Release|Any CPU.Build.0 = Release|Any CPU
	EndGlobalSection
	GlobalSection(SolutionProperties) = preSolution
		HideSolutionNode = FALSE
	EndGlobalSection
	GlobalSection(ExtensibilityGlobals) = postSolution
		SolutionGuid = {EEF9BAB7-9192-4884-81EB-F3AE3CA002ED}
	EndGlobalSection
EndGlobal
